// !$*UTF8*$!
{
	archiveVersion = 1;
	classes = {
	};
	objectVersion = 46;
	objects = {

/* Begin PBXBuildFile section */
		B322EFF11BE9059A00483DA7 /* MainTabViewController.swift in Sources */ = {isa = PBXBuildFile; fileRef = B322EFF01BE9059A00483DA7 /* MainTabViewController.swift */; };
		B322EFF31BE90A8700483DA7 /* ShiftsTableViewController.swift in Sources */ = {isa = PBXBuildFile; fileRef = B322EFF21BE90A8700483DA7 /* ShiftsTableViewController.swift */; };
		B322EFF51BE90AA700483DA7 /* LocationsTableViewController.swift in Sources */ = {isa = PBXBuildFile; fileRef = B322EFF41BE90AA700483DA7 /* LocationsTableViewController.swift */; };
		B322EFF71BE90ACA00483DA7 /* HomeViewController.swift in Sources */ = {isa = PBXBuildFile; fileRef = B322EFF61BE90ACA00483DA7 /* HomeViewController.swift */; };
		B322EFF91BE90CCA00483DA7 /* ReportsViewController.swift in Sources */ = {isa = PBXBuildFile; fileRef = B322EFF81BE90CCA00483DA7 /* ReportsViewController.swift */; };
		B3E2D4D61BE8F8D5009A0550 /* AppDelegate.swift in Sources */ = {isa = PBXBuildFile; fileRef = B3E2D4D51BE8F8D5009A0550 /* AppDelegate.swift */; };
		B3E2D4DB1BE8F8D5009A0550 /* Main.storyboard in Resources */ = {isa = PBXBuildFile; fileRef = B3E2D4D91BE8F8D5009A0550 /* Main.storyboard */; };
		B3E2D4DE1BE8F8D5009A0550 /* shifTrack.xcdatamodeld in Sources */ = {isa = PBXBuildFile; fileRef = B3E2D4DC1BE8F8D5009A0550 /* shifTrack.xcdatamodeld */; };
		B3E2D4E01BE8F8D5009A0550 /* Assets.xcassets in Resources */ = {isa = PBXBuildFile; fileRef = B3E2D4DF1BE8F8D5009A0550 /* Assets.xcassets */; };
		B3E2D4E31BE8F8D5009A0550 /* LaunchScreen.storyboard in Resources */ = {isa = PBXBuildFile; fileRef = B3E2D4E11BE8F8D5009A0550 /* LaunchScreen.storyboard */; };
		B3E2D4EC1BE8FE6A009A0550 /* Shift+CoreDataProperties.swift in Sources */ = {isa = PBXBuildFile; fileRef = B3E2D4EA1BE8FE6A009A0550 /* Shift+CoreDataProperties.swift */; };
		B3E2D4ED1BE8FE6A009A0550 /* Shift.swift in Sources */ = {isa = PBXBuildFile; fileRef = B3E2D4EB1BE8FE6A009A0550 /* Shift.swift */; };
		B3E2D4F01BE8FF24009A0550 /* Location+CoreDataProperties.swift in Sources */ = {isa = PBXBuildFile; fileRef = B3E2D4EE1BE8FF24009A0550 /* Location+CoreDataProperties.swift */; };
		B3E2D4F11BE8FF24009A0550 /* Location.swift in Sources */ = {isa = PBXBuildFile; fileRef = B3E2D4EF1BE8FF24009A0550 /* Location.swift */; };
/* End PBXBuildFile section */

/* Begin PBXFileReference section */
		B322EFF01BE9059A00483DA7 /* MainTabViewController.swift */ = {isa = PBXFileReference; fileEncoding = 4; lastKnownFileType = sourcecode.swift; name = MainTabViewController.swift; path = ViewController/MainTabViewController.swift; sourceTree = "<group>"; };
		B322EFF21BE90A8700483DA7 /* ShiftsTableViewController.swift */ = {isa = PBXFileReference; fileEncoding = 4; lastKnownFileType = sourcecode.swift; name = ShiftsTableViewController.swift; path = ViewController/ShiftsTableViewController.swift; sourceTree = "<group>"; };
		B322EFF41BE90AA700483DA7 /* LocationsTableViewController.swift */ = {isa = PBXFileReference; fileEncoding = 4; lastKnownFileType = sourcecode.swift; name = LocationsTableViewController.swift; path = ViewController/LocationsTableViewController.swift; sourceTree = "<group>"; };
		B322EFF61BE90ACA00483DA7 /* HomeViewController.swift */ = {isa = PBXFileReference; fileEncoding = 4; lastKnownFileType = sourcecode.swift; name = HomeViewController.swift; path = ViewController/HomeViewController.swift; sourceTree = "<group>"; };
		B322EFF81BE90CCA00483DA7 /* ReportsViewController.swift */ = {isa = PBXFileReference; fileEncoding = 4; lastKnownFileType = sourcecode.swift; name = ReportsViewController.swift; path = ViewController/ReportsViewController.swift; sourceTree = "<group>"; };
		B3E2D4D21BE8F8D5009A0550 /* shifTrack.app */ = {isa = PBXFileReference; explicitFileType = wrapper.application; includeInIndex = 0; path = shifTrack.app; sourceTree = BUILT_PRODUCTS_DIR; };
		B3E2D4D51BE8F8D5009A0550 /* AppDelegate.swift */ = {isa = PBXFileReference; lastKnownFileType = sourcecode.swift; path = AppDelegate.swift; sourceTree = "<group>"; };
		B3E2D4DA1BE8F8D5009A0550 /* Base */ = {isa = PBXFileReference; lastKnownFileType = file.storyboard; name = Base; path = Base.lproj/Main.storyboard; sourceTree = "<group>"; };
		B3E2D4DD1BE8F8D5009A0550 /* shifTrack.xcdatamodel */ = {isa = PBXFileReference; lastKnownFileType = wrapper.xcdatamodel; path = shifTrack.xcdatamodel; sourceTree = "<group>"; };
		B3E2D4DF1BE8F8D5009A0550 /* Assets.xcassets */ = {isa = PBXFileReference; lastKnownFileType = folder.assetcatalog; path = Assets.xcassets; sourceTree = "<group>"; };
		B3E2D4E21BE8F8D5009A0550 /* Base */ = {isa = PBXFileReference; lastKnownFileType = file.storyboard; name = Base; path = Base.lproj/LaunchScreen.storyboard; sourceTree = "<group>"; };
		B3E2D4E41BE8F8D5009A0550 /* Info.plist */ = {isa = PBXFileReference; lastKnownFileType = text.plist.xml; path = Info.plist; sourceTree = "<group>"; };
		B3E2D4EA1BE8FE6A009A0550 /* Shift+CoreDataProperties.swift */ = {isa = PBXFileReference; fileEncoding = 4; lastKnownFileType = sourcecode.swift; name = "Shift+CoreDataProperties.swift"; path = "Model/Shift+CoreDataProperties.swift"; sourceTree = "<group>"; };
		B3E2D4EB1BE8FE6A009A0550 /* Shift.swift */ = {isa = PBXFileReference; fileEncoding = 4; lastKnownFileType = sourcecode.swift; name = Shift.swift; path = Model/Shift.swift; sourceTree = "<group>"; };
		B3E2D4EE1BE8FF24009A0550 /* Location+CoreDataProperties.swift */ = {isa = PBXFileReference; fileEncoding = 4; lastKnownFileType = sourcecode.swift; name = "Location+CoreDataProperties.swift"; path = "Model/Location+CoreDataProperties.swift"; sourceTree = "<group>"; };
		B3E2D4EF1BE8FF24009A0550 /* Location.swift */ = {isa = PBXFileReference; fileEncoding = 4; lastKnownFileType = sourcecode.swift; name = Location.swift; path = Model/Location.swift; sourceTree = "<group>"; };
/* End PBXFileReference section */

/* Begin PBXFrameworksBuildPhase section */
		B3E2D4CF1BE8F8D5009A0550 /* Frameworks */ = {
			isa = PBXFrameworksBuildPhase;
			buildActionMask = 2147483647;
			files = (
			);
			runOnlyForDeploymentPostprocessing = 0;
		};
/* End PBXFrameworksBuildPhase section */

/* Begin PBXGroup section */
		B322EFEE1BE901DF00483DA7 /* Model */ = {
			isa = PBXGroup;
			children = (
				B3E2D4EE1BE8FF24009A0550 /* Location+CoreDataProperties.swift */,
				B3E2D4EF1BE8FF24009A0550 /* Location.swift */,
				B3E2D4EA1BE8FE6A009A0550 /* Shift+CoreDataProperties.swift */,
				B3E2D4EB1BE8FE6A009A0550 /* Shift.swift */,
			);
			name = Model;
			sourceTree = "<group>";
		};
		B322EFEF1BE904EC00483DA7 /* ViewController */ = {
			isa = PBXGroup;
			children = (
				B322EFF01BE9059A00483DA7 /* MainTabViewController.swift */,
				B322EFF21BE90A8700483DA7 /* ShiftsTableViewController.swift */,
				B322EFF41BE90AA700483DA7 /* LocationsTableViewController.swift */,
				B322EFF61BE90ACA00483DA7 /* HomeViewController.swift */,
				B322EFF81BE90CCA00483DA7 /* ReportsViewController.swift */,
			);
			name = ViewController;
			sourceTree = "<group>";
		};
		B3E2D4C91BE8F8D5009A0550 = {
			isa = PBXGroup;
			children = (
				B322EFEF1BE904EC00483DA7 /* ViewController */,
				B322EFEE1BE901DF00483DA7 /* Model */,
				B3E2D4D41BE8F8D5009A0550 /* shifTrack */,
				B3E2D4D31BE8F8D5009A0550 /* Products */,
			);
			sourceTree = "<group>";
		};
		B3E2D4D31BE8F8D5009A0550 /* Products */ = {
			isa = PBXGroup;
			children = (
				B3E2D4D21BE8F8D5009A0550 /* shifTrack.app */,
			);
			name = Products;
			sourceTree = "<group>";
		};
		B3E2D4D41BE8F8D5009A0550 /* shifTrack */ = {
			isa = PBXGroup;
			children = (
				B3E2D4D51BE8F8D5009A0550 /* AppDelegate.swift */,
				B3E2D4D91BE8F8D5009A0550 /* Main.storyboard */,
				B3E2D4DF1BE8F8D5009A0550 /* Assets.xcassets */,
				B3E2D4E11BE8F8D5009A0550 /* LaunchScreen.storyboard */,
				B3E2D4E41BE8F8D5009A0550 /* Info.plist */,
				B3E2D4DC1BE8F8D5009A0550 /* shifTrack.xcdatamodeld */,
			);
			path = shifTrack;
			sourceTree = "<group>";
		};
/* End PBXGroup section */

/* Begin PBXNativeTarget section */
		B3E2D4D11BE8F8D5009A0550 /* shifTrack */ = {
			isa = PBXNativeTarget;
			buildConfigurationList = B3E2D4E71BE8F8D5009A0550 /* Build configuration list for PBXNativeTarget "shifTrack" */;
			buildPhases = (
				B3E2D4CE1BE8F8D5009A0550 /* Sources */,
				B3E2D4CF1BE8F8D5009A0550 /* Frameworks */,
				B3E2D4D01BE8F8D5009A0550 /* Resources */,
			);
			buildRules = (
			);
			dependencies = (
			);
			name = shifTrack;
			productName = shifTrack;
			productReference = B3E2D4D21BE8F8D5009A0550 /* shifTrack.app */;
			productType = "com.apple.product-type.application";
		};
/* End PBXNativeTarget section */

/* Begin PBXProject section */
		B3E2D4CA1BE8F8D5009A0550 /* Project object */ = {
			isa = PBXProject;
			attributes = {
				LastSwiftUpdateCheck = 0710;
				LastUpgradeCheck = 0710;
				ORGANIZATIONNAME = "Leonid Rusnac";
				TargetAttributes = {
					B3E2D4D11BE8F8D5009A0550 = {
						CreatedOnToolsVersion = 7.1;
					};
				};
			};
			buildConfigurationList = B3E2D4CD1BE8F8D5009A0550 /* Build configuration list for PBXProject "shifTrack" */;
			compatibilityVersion = "Xcode 3.2";
			developmentRegion = English;
			hasScannedForEncodings = 0;
			knownRegions = (
				en,
				Base,
			);
			mainGroup = B3E2D4C91BE8F8D5009A0550;
			productRefGroup = B3E2D4D31BE8F8D5009A0550 /* Products */;
			projectDirPath = "";
			projectRoot = "";
			targets = (
				B3E2D4D11BE8F8D5009A0550 /* shifTrack */,
			);
		};
/* End PBXProject section */

/* Begin PBXResourcesBuildPhase section */
		B3E2D4D01BE8F8D5009A0550 /* Resources */ = {
			isa = PBXResourcesBuildPhase;
			buildActionMask = 2147483647;
			files = (
				B3E2D4E31BE8F8D5009A0550 /* LaunchScreen.storyboard in Resources */,
				B3E2D4E01BE8F8D5009A0550 /* Assets.xcassets in Resources */,
				B3E2D4DB1BE8F8D5009A0550 /* Main.storyboard in Resources */,
			);
			runOnlyForDeploymentPostprocessing = 0;
		};
/* End PBXResourcesBuildPhase section */

/* Begin PBXSourcesBuildPhase section */
		B3E2D4CE1BE8F8D5009A0550 /* Sources */ = {
			isa = PBXSourcesBuildPhase;
			buildActionMask = 2147483647;
			files = (
				B3E2D4ED1BE8FE6A009A0550 /* Shift.swift in Sources */,
				B3E2D4D61BE8F8D5009A0550 /* AppDelegate.swift in Sources */,
				B322EFF51BE90AA700483DA7 /* LocationsTableViewController.swift in Sources */,
				B322EFF31BE90A8700483DA7 /* ShiftsTableViewController.swift in Sources */,
				B3E2D4EC1BE8FE6A009A0550 /* Shift+CoreDataProperties.swift in Sources */,
				B322EFF71BE90ACA00483DA7 /* HomeViewController.swift in Sources */,
				B322EFF91BE90CCA00483DA7 /* ReportsViewController.swift in Sources */,
				B3E2D4DE1BE8F8D5009A0550 /* shifTrack.xcdatamodeld in Sources */,
				B3E2D4F11BE8FF24009A0550 /* Location.swift in Sources */,
				B322EFF11BE9059A00483DA7 /* MainTabViewController.swift in Sources */,
				B3E2D4F01BE8FF24009A0550 /* Location+CoreDataProperties.swift in Sources */,
			);
			runOnlyForDeploymentPostprocessing = 0;
		};
/* End PBXSourcesBuildPhase section */

/* Begin PBXVariantGroup section */
		B3E2D4D91BE8F8D5009A0550 /* Main.storyboard */ = {
			isa = PBXVariantGroup;
			children = (
				B3E2D4DA1BE8F8D5009A0550 /* Base */,
			);
			name = Main.storyboard;
			sourceTree = "<group>";
		};
		B3E2D4E11BE8F8D5009A0550 /* LaunchScreen.storyboard */ = {
			isa = PBXVariantGroup;
			children = (
				B3E2D4E21BE8F8D5009A0550 /* Base */,
			);
			name = LaunchScreen.storyboard;
			sourceTree = "<group>";
		};
/* End PBXVariantGroup section */

/* Begin XCBuildConfiguration section */
		B3E2D4E51BE8F8D5009A0550 /* Debug */ = {
			isa = XCBuildConfiguration;
			buildSettings = {
				ALWAYS_SEARCH_USER_PATHS = NO;
				CLANG_CXX_LANGUAGE_STANDARD = "gnu++0x";
				CLANG_CXX_LIBRARY = "libc++";
				CLANG_ENABLE_MODULES = YES;
				CLANG_ENABLE_OBJC_ARC = YES;
				CLANG_WARN_BOOL_CONVERSION = YES;
				CLANG_WARN_CONSTANT_CONVERSION = YES;
				CLANG_WARN_DIRECT_OBJC_ISA_USAGE = YES_ERROR;
				CLANG_WARN_EMPTY_BODY = YES;
				CLANG_WARN_ENUM_CONVERSION = YES;
				CLANG_WARN_INT_CONVERSION = YES;
				CLANG_WARN_OBJC_ROOT_CLASS = YES_ERROR;
				CLANG_WARN_UNREACHABLE_CODE = YES;
				CLANG_WARN__DUPLICATE_METHOD_MATCH = YES;
				"CODE_SIGN_IDENTITY[sdk=iphoneos*]" = "iPhone Developer";
				COPY_PHASE_STRIP = NO;
				DEBUG_INFORMATION_FORMAT = dwarf;
				ENABLE_STRICT_OBJC_MSGSEND = YES;
				ENABLE_TESTABILITY = YES;
				GCC_C_LANGUAGE_STANDARD = gnu99;
				GCC_DYNAMIC_NO_PIC = NO;
				GCC_NO_COMMON_BLOCKS = YES;
				GCC_OPTIMIZATION_LEVEL = 0;
				GCC_PREPROCESSOR_DEFINITIONS = (
					"DEBUG=1",
					"$(inherited)",
				);
				GCC_WARN_64_TO_32_BIT_CONVERSION = YES;
				GCC_WARN_ABOUT_RETURN_TYPE = YES_ERROR;
				GCC_WARN_UNDECLARED_SELECTOR = YES;
				GCC_WARN_UNINITIALIZED_AUTOS = YES_AGGRESSIVE;
				GCC_WARN_UNUSED_FUNCTION = YES;
				GCC_WARN_UNUSED_VARIABLE = YES;
				IPHONEOS_DEPLOYMENT_TARGET = 9.1;
				MTL_ENABLE_DEBUG_INFO = YES;
				ONLY_ACTIVE_ARCH = YES;
				SDKROOT = iphoneos;
				SWIFT_OPTIMIZATION_LEVEL = "-Onone";
				TARGETED_DEVICE_FAMILY = "1,2";
			};
			name = Debug;
		};
		B3E2D4E61BE8F8D5009A0550 /* Release */ = {
			isa = XCBuildConfiguration;
			buildSettings = {
				ALWAYS_SEARCH_USER_PATHS = NO;
				CLANG_CXX_LANGUAGE_STANDARD = "gnu++0x";
				CLANG_CXX_LIBRARY = "libc++";
				CLANG_ENABLE_MODULES = YES;
				CLANG_ENABLE_OBJC_ARC = YES;
				CLANG_WARN_BOOL_CONVERSION = YES;
				CLANG_WARN_CONSTANT_CONVERSION = YES;
				CLANG_WARN_DIRECT_OBJC_ISA_USAGE = YES_ERROR;
				CLANG_WARN_EMPTY_BODY = YES;
				CLANG_WARN_ENUM_CONVERSION = YES;
				CLANG_WARN_INT_CONVERSION = YES;
				CLANG_WARN_OBJC_ROOT_CLASS = YES_ERROR;
				CLANG_WARN_UNREACHABLE_CODE = YES;
				CLANG_WARN__DUPLICATE_METHOD_MATCH = YES;
				"CODE_SIGN_IDENTITY[sdk=iphoneos*]" = "iPhone Developer";
				COPY_PHASE_STRIP = NO;
				DEBUG_INFORMATION_FORMAT = "dwarf-with-dsym";
				ENABLE_NS_ASSERTIONS = NO;
				ENABLE_STRICT_OBJC_MSGSEND = YES;
				GCC_C_LANGUAGE_STANDARD = gnu99;
				GCC_NO_COMMON_BLOCKS = YES;
				GCC_WARN_64_TO_32_BIT_CONVERSION = YES;
				GCC_WARN_ABOUT_RETURN_TYPE = YES_ERROR;
				GCC_WARN_UNDECLARED_SELECTOR = YES;
				GCC_WARN_UNINITIALIZED_AUTOS = YES_AGGRESSIVE;
				GCC_WARN_UNUSED_FUNCTION = YES;
				GCC_WARN_UNUSED_VARIABLE = YES;
				IPHONEOS_DEPLOYMENT_TARGET = 9.1;
				MTL_ENABLE_DEBUG_INFO = NO;
				SDKROOT = iphoneos;
				TARGETED_DEVICE_FAMILY = "1,2";
				VALIDATE_PRODUCT = YES;
			};
			name = Release;
		};
		B3E2D4E81BE8F8D5009A0550 /* Debug */ = {
			isa = XCBuildConfiguration;
			buildSettings = {
				ASSETCATALOG_COMPILER_APPICON_NAME = AppIcon;
				INFOPLIST_FILE = shifTrack/Info.plist;
				LD_RUNPATH_SEARCH_PATHS = "$(inherited) @executable_path/Frameworks";
				MOMC_NO_INVERSE_RELATIONSHIP_WARNINGS = YES;
				PRODUCT_BUNDLE_IDENTIFIER = me.bedifferent.shifTrack;
				PRODUCT_NAME = "$(TARGET_NAME)";
			};
			name = Debug;
		};
		B3E2D4E91BE8F8D5009A0550 /* Release */ = {
			isa = XCBuildConfiguration;
			buildSettings = {
				ASSETCATALOG_COMPILER_APPICON_NAME = AppIcon;
				INFOPLIST_FILE = shifTrack/Info.plist;
				LD_RUNPATH_SEARCH_PATHS = "$(inherited) @executable_path/Frameworks";
				MOMC_NO_INVERSE_RELATIONSHIP_WARNINGS = YES;
				PRODUCT_BUNDLE_IDENTIFIER = me.bedifferent.shifTrack;
				PRODUCT_NAME = "$(TARGET_NAME)";
			};
			name = Release;
		};
/* End XCBuildConfiguration section */

/* Begin XCConfigurationList section */
		B3E2D4CD1BE8F8D5009A0550 /* Build configuration list for PBXProject "shifTrack" */ = {
			isa = XCConfigurationList;
			buildConfigurations = (
				B3E2D4E51BE8F8D5009A0550 /* Debug */,
				B3E2D4E61BE8F8D5009A0550 /* Release */,
			);
			defaultConfigurationIsVisible = 0;
			defaultConfigurationName = Release;
		};
		B3E2D4E71BE8F8D5009A0550 /* Build configuration list for PBXNativeTarget "shifTrack" */ = {
			isa = XCConfigurationList;
			buildConfigurations = (
				B3E2D4E81BE8F8D5009A0550 /* Debug */,
				B3E2D4E91BE8F8D5009A0550 /* Release */,
			);
			defaultConfigurationIsVisible = 0;
			defaultConfigurationName = Release;
		};
/* End XCConfigurationList section */

/* Begin XCVersionGroup section */
		B3E2D4DC1BE8F8D5009A0550 /* shifTrack.xcdatamodeld */ = {
			isa = XCVersionGroup;
			children = (
				B3E2D4DD1BE8F8D5009A0550 /* shifTrack.xcdatamodel */,
			);
			currentVersion = B3E2D4DD1BE8F8D5009A0550 /* shifTrack.xcdatamodel */;
			path = shifTrack.xcdatamodeld;
			sourceTree = "<group>";
			versionGroupType = wrapper.xcdatamodel;
		};
/* End XCVersionGroup section */
	};
	rootObject = B3E2D4CA1BE8F8D5009A0550 /* Project object */;
}
